
Microsoft Visual Studio Solution File, Format Version 12.00
# Visual Studio Version 16
VisualStudioVersion = 16.0.30711.63
MinimumVisualStudioVersion = 10.0.40219.1
Project("{FAE04EC0-301F-11D3-BF4B-00C04F79EFBC}") = "Cartera", "Cartera\Cartera.csproj", "{B88FAD06-0E66-4F52-A1CC-4E1A48214969}"
EndProject
Global
	GlobalSection(SolutionConfigurationPlatforms) = preSolution
		Debug|Any CPU = Debug|Any CPU
		Release|Any CPU = Release|Any CPU
	EndGlobalSection
	GlobalSection(ProjectConfigurationPlatforms) = postSolution
		{B88FAD06-0E66-4F52-A1CC-4E1A48214969}.Debug|Any CPU.ActiveCfg = Debug|Any CPU
		{B88FAD06-0E66-4F52-A1CC-4E1A48214969}.Debug|Any CPU.Build.0 = Debug|Any CPU
		{B88FAD06-0E66-4F52-A1CC-4E1A48214969}.Release|Any CPU.ActiveCfg = Release|Any CPU
		{B88FAD06-0E66-4F52-A1CC-4E1A48214969}.Release|Any CPU.Build.0 = Release|Any CPU
	EndGlobalSection
	GlobalSection(SolutionProperties) = preSolution
		HideSolutionNode = FALSE
	EndGlobalSection
	GlobalSection(ExtensibilityGlobals) = postSolution
		SolutionGuid = {BEF98A85-571E-4CA3-9794-6A8FE602054C}
	EndGlobalSection
EndGlobal
